
Microsoft Visual Studio Solution File, Format Version 12.00
# Visual Studio Version 17
VisualStudioVersion = 17.2.32526.322
MinimumVisualStudioVersion = 10.0.40219.1
Project("{9A19103F-16F7-4668-BE54-9A1E7A4F7556}") = "SmarterBooks", "SmarterBooks\SmarterBooks.csproj", "{DF5A9528-9EDA-4816-9275-71E06C618BAD}"
EndProject
Global
	GlobalSection(SolutionConfigurationPlatforms) = preSolution
		Debug|Any CPU = Debug|Any CPU
		Release|Any CPU = Release|Any CPU
	EndGlobalSection
	GlobalSection(ProjectConfigurationPlatforms) = postSolution
		{DF5A9528-9EDA-4816-9275-71E06C618BAD}.Debug|Any CPU.ActiveCfg = Debug|Any CPU
		{DF5A9528-9EDA-4816-9275-71E06C618BAD}.Debug|Any CPU.Build.0 = Debug|Any CPU
		{DF5A9528-9EDA-4816-9275-71E06C618BAD}.Release|Any CPU.ActiveCfg = Release|Any CPU
		{DF5A9528-9EDA-4816-9275-71E06C618BAD}.Release|Any CPU.Build.0 = Release|Any CPU
	EndGlobalSection
	GlobalSection(SolutionProperties) = preSolution
		HideSolutionNode = FALSE
	EndGlobalSection
	GlobalSection(ExtensibilityGlobals) = postSolution
		SolutionGuid = {034B3882-0F27-47B9-967F-5ADDA99057D9}
	EndGlobalSection
EndGlobal
